// !$*UTF8*$!
{
	archiveVersion = 1;
	classes = {
	};
	objectVersion = 56;
	objects = {

/* Begin PBXBuildFile section */
		5DFBDE3529D7E787004E0B78 /* PokeZWithSwiftUIApp.swift in Sources */ = {isa = PBXBuildFile; fileRef = 5DFBDE3429D7E787004E0B78 /* PokeZWithSwiftUIApp.swift */; };
		5DFBDE3729D7E787004E0B78 /* ContentView.swift in Sources */ = {isa = PBXBuildFile; fileRef = 5DFBDE3629D7E787004E0B78 /* ContentView.swift */; };
		5DFBDE3929D7E789004E0B78 /* Assets.xcassets in Resources */ = {isa = PBXBuildFile; fileRef = 5DFBDE3829D7E789004E0B78 /* Assets.xcassets */; };
		5DFBDE3C29D7E789004E0B78 /* Preview Assets.xcassets in Resources */ = {isa = PBXBuildFile; fileRef = 5DFBDE3B29D7E789004E0B78 /* Preview Assets.xcassets */; };
		5DFBDE4629D7E789004E0B78 /* PokeZWithSwiftUITests.swift in Sources */ = {isa = PBXBuildFile; fileRef = 5DFBDE4529D7E789004E0B78 /* PokeZWithSwiftUITests.swift */; };
		5DFBDE5029D7E789004E0B78 /* PokeZWithSwiftUIUITests.swift in Sources */ = {isa = PBXBuildFile; fileRef = 5DFBDE4F29D7E789004E0B78 /* PokeZWithSwiftUIUITests.swift */; };
		5DFBDE5229D7E789004E0B78 /* PokeZWithSwiftUIUITestsLaunchTests.swift in Sources */ = {isa = PBXBuildFile; fileRef = 5DFBDE5129D7E789004E0B78 /* PokeZWithSwiftUIUITestsLaunchTests.swift */; };
		5DFBDE6129D7E8B4004E0B78 /* PokeRequest.swift in Sources */ = {isa = PBXBuildFile; fileRef = 5DFBDE6029D7E8B4004E0B78 /* PokeRequest.swift */; };
		5DFBDE6329D7EA7C004E0B78 /* PokemonModel.swift in Sources */ = {isa = PBXBuildFile; fileRef = 5DFBDE6229D7EA7C004E0B78 /* PokemonModel.swift */; };
/* End PBXBuildFile section */

/* Begin PBXContainerItemProxy section */
		5DFBDE4229D7E789004E0B78 /* PBXContainerItemProxy */ = {
			isa = PBXContainerItemProxy;
			containerPortal = 5DFBDE2929D7E787004E0B78 /* Project object */;
			proxyType = 1;
			remoteGlobalIDString = 5DFBDE3029D7E787004E0B78;
			remoteInfo = PokeZWithSwiftUI;
		};
		5DFBDE4C29D7E789004E0B78 /* PBXContainerItemProxy */ = {
			isa = PBXContainerItemProxy;
			containerPortal = 5DFBDE2929D7E787004E0B78 /* Project object */;
			proxyType = 1;
			remoteGlobalIDString = 5DFBDE3029D7E787004E0B78;
			remoteInfo = PokeZWithSwiftUI;
		};
/* End PBXContainerItemProxy section */

/* Begin PBXFileReference section */
		5DFBDE3129D7E787004E0B78 /* PokeZWithSwiftUI.app */ = {isa = PBXFileReference; explicitFileType = wrapper.application; includeInIndex = 0; path = PokeZWithSwiftUI.app; sourceTree = BUILT_PRODUCTS_DIR; };
		5DFBDE3429D7E787004E0B78 /* PokeZWithSwiftUIApp.swift */ = {isa = PBXFileReference; lastKnownFileType = sourcecode.swift; path = PokeZWithSwiftUIApp.swift; sourceTree = "<group>"; };
		5DFBDE3629D7E787004E0B78 /* ContentView.swift */ = {isa = PBXFileReference; lastKnownFileType = sourcecode.swift; path = ContentView.swift; sourceTree = "<group>"; };
		5DFBDE3829D7E789004E0B78 /* Assets.xcassets */ = {isa = PBXFileReference; lastKnownFileType = folder.assetcatalog; path = Assets.xcassets; sourceTree = "<group>"; };
		5DFBDE3B29D7E789004E0B78 /* Preview Assets.xcassets */ = {isa = PBXFileReference; lastKnownFileType = folder.assetcatalog; path = "Preview Assets.xcassets"; sourceTree = "<group>"; };
		5DFBDE4129D7E789004E0B78 /* PokeZWithSwiftUITests.xctest */ = {isa = PBXFileReference; explicitFileType = wrapper.cfbundle; includeInIndex = 0; path = PokeZWithSwiftUITests.xctest; sourceTree = BUILT_PRODUCTS_DIR; };
		5DFBDE4529D7E789004E0B78 /* PokeZWithSwiftUITests.swift */ = {isa = PBXFileReference; lastKnownFileType = sourcecode.swift; path = PokeZWithSwiftUITests.swift; sourceTree = "<group>"; };
		5DFBDE4B29D7E789004E0B78 /* PokeZWithSwiftUIUITests.xctest */ = {isa = PBXFileReference; explicitFileType = wrapper.cfbundle; includeInIndex = 0; path = PokeZWithSwiftUIUITests.xctest; sourceTree = BUILT_PRODUCTS_DIR; };
		5DFBDE4F29D7E789004E0B78 /* PokeZWithSwiftUIUITests.swift */ = {isa = PBXFileReference; lastKnownFileType = sourcecode.swift; path = PokeZWithSwiftUIUITests.swift; sourceTree = "<group>"; };
		5DFBDE5129D7E789004E0B78 /* PokeZWithSwiftUIUITestsLaunchTests.swift */ = {isa = PBXFileReference; lastKnownFileType = sourcecode.swift; path = PokeZWithSwiftUIUITestsLaunchTests.swift; sourceTree = "<group>"; };
		5DFBDE6029D7E8B4004E0B78 /* PokeRequest.swift */ = {isa = PBXFileReference; lastKnownFileType = sourcecode.swift; path = PokeRequest.swift; sourceTree = "<group>"; };
		5DFBDE6229D7EA7C004E0B78 /* PokemonModel.swift */ = {isa = PBXFileReference; lastKnownFileType = sourcecode.swift; path = PokemonModel.swift; sourceTree = "<group>"; };
/* End PBXFileReference section */

/* Begin PBXFrameworksBuildPhase section */
		5DFBDE2E29D7E787004E0B78 /* Frameworks */ = {
			isa = PBXFrameworksBuildPhase;
			buildActionMask = 2147483647;
			files = (
			);
			runOnlyForDeploymentPostprocessing = 0;
		};
		5DFBDE3E29D7E789004E0B78 /* Frameworks */ = {
			isa = PBXFrameworksBuildPhase;
			buildActionMask = 2147483647;
			files = (
			);
			runOnlyForDeploymentPostprocessing = 0;
		};
		5DFBDE4829D7E789004E0B78 /* Frameworks */ = {
			isa = PBXFrameworksBuildPhase;
			buildActionMask = 2147483647;
			files = (
			);
			runOnlyForDeploymentPostprocessing = 0;
		};
/* End PBXFrameworksBuildPhase section */

/* Begin PBXGroup section */
		5DFBDE2829D7E787004E0B78 = {
			isa = PBXGroup;
			children = (
				5DFBDE3329D7E787004E0B78 /* PokeZWithSwiftUI */,
				5DFBDE4429D7E789004E0B78 /* PokeZWithSwiftUITests */,
				5DFBDE4E29D7E789004E0B78 /* PokeZWithSwiftUIUITests */,
				5DFBDE3229D7E787004E0B78 /* Products */,
			);
			sourceTree = "<group>";
		};
		5DFBDE3229D7E787004E0B78 /* Products */ = {
			isa = PBXGroup;
			children = (
				5DFBDE3129D7E787004E0B78 /* PokeZWithSwiftUI.app */,
				5DFBDE4129D7E789004E0B78 /* PokeZWithSwiftUITests.xctest */,
				5DFBDE4B29D7E789004E0B78 /* PokeZWithSwiftUIUITests.xctest */,
			);
			name = Products;
			sourceTree = "<group>";
		};
		5DFBDE3329D7E787004E0B78 /* PokeZWithSwiftUI */ = {
			isa = PBXGroup;
			children = (
				5DFBDE5F29D7E892004E0B78 /* PokeRequest */,
				5DFBDE5E29D7E821004E0B78 /* Model */,
				5DFBDE3429D7E787004E0B78 /* PokeZWithSwiftUIApp.swift */,
				5DFBDE3629D7E787004E0B78 /* ContentView.swift */,
				5DFBDE3829D7E789004E0B78 /* Assets.xcassets */,
				5DFBDE3A29D7E789004E0B78 /* Preview Content */,
			);
			path = PokeZWithSwiftUI;
			sourceTree = "<group>";
		};
		5DFBDE3A29D7E789004E0B78 /* Preview Content */ = {
			isa = PBXGroup;
			children = (
				5DFBDE3B29D7E789004E0B78 /* Preview Assets.xcassets */,
			);
			path = "Preview Content";
			sourceTree = "<group>";
		};
		5DFBDE4429D7E789004E0B78 /* PokeZWithSwiftUITests */ = {
			isa = PBXGroup;
			children = (
				5DFBDE4529D7E789004E0B78 /* PokeZWithSwiftUITests.swift */,
			);
			path = PokeZWithSwiftUITests;
			sourceTree = "<group>";
		};
		5DFBDE4E29D7E789004E0B78 /* PokeZWithSwiftUIUITests */ = {
			isa = PBXGroup;
			children = (
				5DFBDE4F29D7E789004E0B78 /* PokeZWithSwiftUIUITests.swift */,
				5DFBDE5129D7E789004E0B78 /* PokeZWithSwiftUIUITestsLaunchTests.swift */,
			);
			path = PokeZWithSwiftUIUITests;
			sourceTree = "<group>";
		};
		5DFBDE5E29D7E821004E0B78 /* Model */ = {
			isa = PBXGroup;
			children = (
				5DFBDE6229D7EA7C004E0B78 /* PokemonModel.swift */,
			);
			path = Model;
			sourceTree = "<group>";
		};
		5DFBDE5F29D7E892004E0B78 /* PokeRequest */ = {
			isa = PBXGroup;
			children = (
				5DFBDE6029D7E8B4004E0B78 /* PokeRequest.swift */,
			);
			path = PokeRequest;
			sourceTree = "<group>";
		};
/* End PBXGroup section */

/* Begin PBXNativeTarget section */
		5DFBDE3029D7E787004E0B78 /* PokeZWithSwiftUI */ = {
			isa = PBXNativeTarget;
			buildConfigurationList = 5DFBDE5529D7E789004E0B78 /* Build configuration list for PBXNativeTarget "PokeZWithSwiftUI" */;
			buildPhases = (
				5DFBDE2D29D7E787004E0B78 /* Sources */,
				5DFBDE2E29D7E787004E0B78 /* Frameworks */,
				5DFBDE2F29D7E787004E0B78 /* Resources */,
			);
			buildRules = (
			);
			dependencies = (
			);
			name = PokeZWithSwiftUI;
			productName = PokeZWithSwiftUI;
			productReference = 5DFBDE3129D7E787004E0B78 /* PokeZWithSwiftUI.app */;
			productType = "com.apple.product-type.application";
		};
		5DFBDE4029D7E789004E0B78 /* PokeZWithSwiftUITests */ = {
			isa = PBXNativeTarget;
			buildConfigurationList = 5DFBDE5829D7E789004E0B78 /* Build configuration list for PBXNativeTarget "PokeZWithSwiftUITests" */;
			buildPhases = (
				5DFBDE3D29D7E789004E0B78 /* Sources */,
				5DFBDE3E29D7E789004E0B78 /* Frameworks */,
				5DFBDE3F29D7E789004E0B78 /* Resources */,
			);
			buildRules = (
			);
			dependencies = (
				5DFBDE4329D7E789004E0B78 /* PBXTargetDependency */,
			);
			name = PokeZWithSwiftUITests;
			productName = PokeZWithSwiftUITests;
			productReference = 5DFBDE4129D7E789004E0B78 /* PokeZWithSwiftUITests.xctest */;
			productType = "com.apple.product-type.bundle.unit-test";
		};
		5DFBDE4A29D7E789004E0B78 /* PokeZWithSwiftUIUITests */ = {
			isa = PBXNativeTarget;
			buildConfigurationList = 5DFBDE5B29D7E789004E0B78 /* Build configuration list for PBXNativeTarget "PokeZWithSwiftUIUITests" */;
			buildPhases = (
				5DFBDE4729D7E789004E0B78 /* Sources */,
				5DFBDE4829D7E789004E0B78 /* Frameworks */,
				5DFBDE4929D7E789004E0B78 /* Resources */,
			);
			buildRules = (
			);
			dependencies = (
				5DFBDE4D29D7E789004E0B78 /* PBXTargetDependency */,
			);
			name = PokeZWithSwiftUIUITests;
			productName = PokeZWithSwiftUIUITests;
			productReference = 5DFBDE4B29D7E789004E0B78 /* PokeZWithSwiftUIUITests.xctest */;
			productType = "com.apple.product-type.bundle.ui-testing";
		};
/* End PBXNativeTarget section */

/* Begin PBXProject section */
		5DFBDE2929D7E787004E0B78 /* Project object */ = {
			isa = PBXProject;
			attributes = {
				BuildIndependentTargetsInParallel = 1;
				LastSwiftUpdateCheck = 1400;
				LastUpgradeCheck = 1400;
				TargetAttributes = {
					5DFBDE3029D7E787004E0B78 = {
						CreatedOnToolsVersion = 14.0;
					};
					5DFBDE4029D7E789004E0B78 = {
						CreatedOnToolsVersion = 14.0;
						TestTargetID = 5DFBDE3029D7E787004E0B78;
					};
					5DFBDE4A29D7E789004E0B78 = {
						CreatedOnToolsVersion = 14.0;
						TestTargetID = 5DFBDE3029D7E787004E0B78;
					};
				};
			};
			buildConfigurationList = 5DFBDE2C29D7E787004E0B78 /* Build configuration list for PBXProject "PokeZWithSwiftUI" */;
			compatibilityVersion = "Xcode 14.0";
			developmentRegion = en;
			hasScannedForEncodings = 0;
			knownRegions = (
				en,
				Base,
			);
			mainGroup = 5DFBDE2829D7E787004E0B78;
			productRefGroup = 5DFBDE3229D7E787004E0B78 /* Products */;
			projectDirPath = "";
			projectRoot = "";
			targets = (
				5DFBDE3029D7E787004E0B78 /* PokeZWithSwiftUI */,
				5DFBDE4029D7E789004E0B78 /* PokeZWithSwiftUITests */,
				5DFBDE4A29D7E789004E0B78 /* PokeZWithSwiftUIUITests */,
			);
		};
/* End PBXProject section */

/* Begin PBXResourcesBuildPhase section */
		5DFBDE2F29D7E787004E0B78 /* Resources */ = {
			isa = PBXResourcesBuildPhase;
			buildActionMask = 2147483647;
			files = (
				5DFBDE3C29D7E789004E0B78 /* Preview Assets.xcassets in Resources */,
				5DFBDE3929D7E789004E0B78 /* Assets.xcassets in Resources */,
			);
			runOnlyForDeploymentPostprocessing = 0;
		};
		5DFBDE3F29D7E789004E0B78 /* Resources */ = {
			isa = PBXResourcesBuildPhase;
			buildActionMask = 2147483647;
			files = (
			);
			runOnlyForDeploymentPostprocessing = 0;
		};
		5DFBDE4929D7E789004E0B78 /* Resources */ = {
			isa = PBXResourcesBuildPhase;
			buildActionMask = 2147483647;
			files = (
			);
			runOnlyForDeploymentPostprocessing = 0;
		};
/* End PBXResourcesBuildPhase section */

/* Begin PBXSourcesBuildPhase section */
		5DFBDE2D29D7E787004E0B78 /* Sources */ = {
			isa = PBXSourcesBuildPhase;
			buildActionMask = 2147483647;
			files = (
				5DFBDE3729D7E787004E0B78 /* ContentView.swift in Sources */,
				5DFBDE3529D7E787004E0B78 /* PokeZWithSwiftUIApp.swift in Sources */,
				5DFBDE6129D7E8B4004E0B78 /* PokeRequest.swift in Sources */,
				5DFBDE6329D7EA7C004E0B78 /* PokemonModel.swift in Sources */,
			);
			runOnlyForDeploymentPostprocessing = 0;
		};
		5DFBDE3D29D7E789004E0B78 /* Sources */ = {
			isa = PBXSourcesBuildPhase;
			buildActionMask = 2147483647;
			files = (
				5DFBDE4629D7E789004E0B78 /* PokeZWithSwiftUITests.swift in Sources */,
			);
			runOnlyForDeploymentPostprocessing = 0;
		};
		5DFBDE4729D7E789004E0B78 /* Sources */ = {
			isa = PBXSourcesBuildPhase;
			buildActionMask = 2147483647;
			files = (
				5DFBDE5229D7E789004E0B78 /* PokeZWithSwiftUIUITestsLaunchTests.swift in Sources */,
				5DFBDE5029D7E789004E0B78 /* PokeZWithSwiftUIUITests.swift in Sources */,
			);
			runOnlyForDeploymentPostprocessing = 0;
		};
/* End PBXSourcesBuildPhase section */

/* Begin PBXTargetDependency section */
		5DFBDE4329D7E789004E0B78 /* PBXTargetDependency */ = {
			isa = PBXTargetDependency;
			target = 5DFBDE3029D7E787004E0B78 /* PokeZWithSwiftUI */;
			targetProxy = 5DFBDE4229D7E789004E0B78 /* PBXContainerItemProxy */;
		};
		5DFBDE4D29D7E789004E0B78 /* PBXTargetDependency */ = {
			isa = PBXTargetDependency;
			target = 5DFBDE3029D7E787004E0B78 /* PokeZWithSwiftUI */;
			targetProxy = 5DFBDE4C29D7E789004E0B78 /* PBXContainerItemProxy */;
		};
/* End PBXTargetDependency section */

/* Begin XCBuildConfiguration section */
		5DFBDE5329D7E789004E0B78 /* Debug */ = {
			isa = XCBuildConfiguration;
			buildSettings = {
				ALWAYS_SEARCH_USER_PATHS = NO;
				CLANG_ANALYZER_NONNULL = YES;
				CLANG_ANALYZER_NUMBER_OBJECT_CONVERSION = YES_AGGRESSIVE;
				CLANG_CXX_LANGUAGE_STANDARD = "gnu++20";
				CLANG_ENABLE_MODULES = YES;
				CLANG_ENABLE_OBJC_ARC = YES;
				CLANG_ENABLE_OBJC_WEAK = YES;
				CLANG_WARN_BLOCK_CAPTURE_AUTORELEASING = YES;
				CLANG_WARN_BOOL_CONVERSION = YES;
				CLANG_WARN_COMMA = YES;
				CLANG_WARN_CONSTANT_CONVERSION = YES;
				CLANG_WARN_DEPRECATED_OBJC_IMPLEMENTATIONS = YES;
				CLANG_WARN_DIRECT_OBJC_ISA_USAGE = YES_ERROR;
				CLANG_WARN_DOCUMENTATION_COMMENTS = YES;
				CLANG_WARN_EMPTY_BODY = YES;
				CLANG_WARN_ENUM_CONVERSION = YES;
				CLANG_WARN_INFINITE_RECURSION = YES;
				CLANG_WARN_INT_CONVERSION = YES;
				CLANG_WARN_NON_LITERAL_NULL_CONVERSION = YES;
				CLANG_WARN_OBJC_IMPLICIT_RETAIN_SELF = YES;
				CLANG_WARN_OBJC_LITERAL_CONVERSION = YES;
				CLANG_WARN_OBJC_ROOT_CLASS = YES_ERROR;
				CLANG_WARN_QUOTED_INCLUDE_IN_FRAMEWORK_HEADER = YES;
				CLANG_WARN_RANGE_LOOP_ANALYSIS = YES;
				CLANG_WARN_STRICT_PROTOTYPES = YES;
				CLANG_WARN_SUSPICIOUS_MOVE = YES;
				CLANG_WARN_UNGUARDED_AVAILABILITY = YES_AGGRESSIVE;
				CLANG_WARN_UNREACHABLE_CODE = YES;
				CLANG_WARN__DUPLICATE_METHOD_MATCH = YES;
				COPY_PHASE_STRIP = NO;
				DEBUG_INFORMATION_FORMAT = dwarf;
				ENABLE_STRICT_OBJC_MSGSEND = YES;
				ENABLE_TESTABILITY = YES;
				GCC_C_LANGUAGE_STANDARD = gnu11;
				GCC_DYNAMIC_NO_PIC = NO;
				GCC_NO_COMMON_BLOCKS = YES;
				GCC_OPTIMIZATION_LEVEL = 0;
				GCC_PREPROCESSOR_DEFINITIONS = (
					"DEBUG=1",
					"$(inherited)",
				);
				GCC_WARN_64_TO_32_BIT_CONVERSION = YES;
				GCC_WARN_ABOUT_RETURN_TYPE = YES_ERROR;
				GCC_WARN_UNDECLARED_SELECTOR = YES;
				GCC_WARN_UNINITIALIZED_AUTOS = YES_AGGRESSIVE;
				GCC_WARN_UNUSED_FUNCTION = YES;
				GCC_WARN_UNUSED_VARIABLE = YES;
				IPHONEOS_DEPLOYMENT_TARGET = 16.0;
				MTL_ENABLE_DEBUG_INFO = INCLUDE_SOURCE;
				MTL_FAST_MATH = YES;
				ONLY_ACTIVE_ARCH = YES;
				SDKROOT = iphoneos;
				SWIFT_ACTIVE_COMPILATION_CONDITIONS = DEBUG;
				SWIFT_OPTIMIZATION_LEVEL = "-Onone";
			};
			name = Debug;
		};
		5DFBDE5429D7E789004E0B78 /* Release */ = {
			isa = XCBuildConfiguration;
			buildSettings = {
				ALWAYS_SEARCH_USER_PATHS = NO;
				CLANG_ANALYZER_NONNULL = YES;
				CLANG_ANALYZER_NUMBER_OBJECT_CONVERSION = YES_AGGRESSIVE;
				CLANG_CXX_LANGUAGE_STANDARD = "gnu++20";
				CLANG_ENABLE_MODULES = YES;
				CLANG_ENABLE_OBJC_ARC = YES;
				CLANG_ENABLE_OBJC_WEAK = YES;
				CLANG_WARN_BLOCK_CAPTURE_AUTORELEASING = YES;
				CLANG_WARN_BOOL_CONVERSION = YES;
				CLANG_WARN_COMMA = YES;
				CLANG_WARN_CONSTANT_CONVERSION = YES;
				CLANG_WARN_DEPRECATED_OBJC_IMPLEMENTATIONS = YES;
				CLANG_WARN_DIRECT_OBJC_ISA_USAGE = YES_ERROR;
				CLANG_WARN_DOCUMENTATION_COMMENTS = YES;
				CLANG_WARN_EMPTY_BODY = YES;
				CLANG_WARN_ENUM_CONVERSION = YES;
				CLANG_WARN_INFINITE_RECURSION = YES;
				CLANG_WARN_INT_CONVERSION = YES;
				CLANG_WARN_NON_LITERAL_NULL_CONVERSION = YES;
				CLANG_WARN_OBJC_IMPLICIT_RETAIN_SELF = YES;
				CLANG_WARN_OBJC_LITERAL_CONVERSION = YES;
				CLANG_WARN_OBJC_ROOT_CLASS = YES_ERROR;
				CLANG_WARN_QUOTED_INCLUDE_IN_FRAMEWORK_HEADER = YES;
				CLANG_WARN_RANGE_LOOP_ANALYSIS = YES;
				CLANG_WARN_STRICT_PROTOTYPES = YES;
				CLANG_WARN_SUSPICIOUS_MOVE = YES;
				CLANG_WARN_UNGUARDED_AVAILABILITY = YES_AGGRESSIVE;
				CLANG_WARN_UNREACHABLE_CODE = YES;
				CLANG_WARN__DUPLICATE_METHOD_MATCH = YES;
				COPY_PHASE_STRIP = NO;
				DEBUG_INFORMATION_FORMAT = "dwarf-with-dsym";
				ENABLE_NS_ASSERTIONS = NO;
				ENABLE_STRICT_OBJC_MSGSEND = YES;
				GCC_C_LANGUAGE_STANDARD = gnu11;
				GCC_NO_COMMON_BLOCKS = YES;
				GCC_WARN_64_TO_32_BIT_CONVERSION = YES;
				GCC_WARN_ABOUT_RETURN_TYPE = YES_ERROR;
				GCC_WARN_UNDECLARED_SELECTOR = YES;
				GCC_WARN_UNINITIALIZED_AUTOS = YES_AGGRESSIVE;
				GCC_WARN_UNUSED_FUNCTION = YES;
				GCC_WARN_UNUSED_VARIABLE = YES;
				IPHONEOS_DEPLOYMENT_TARGET = 16.0;
				MTL_ENABLE_DEBUG_INFO = NO;
				MTL_FAST_MATH = YES;
				SDKROOT = iphoneos;
				SWIFT_COMPILATION_MODE = wholemodule;
				SWIFT_OPTIMIZATION_LEVEL = "-O";
				VALIDATE_PRODUCT = YES;
			};
			name = Release;
		};
		5DFBDE5629D7E789004E0B78 /* Debug */ = {
			isa = XCBuildConfiguration;
			buildSettings = {
				ASSETCATALOG_COMPILER_APPICON_NAME = AppIcon;
				ASSETCATALOG_COMPILER_GLOBAL_ACCENT_COLOR_NAME = AccentColor;
				CODE_SIGN_STYLE = Automatic;
				CURRENT_PROJECT_VERSION = 1;
				DEVELOPMENT_ASSET_PATHS = "\"PokeZWithSwiftUI/Preview Content\"";
				DEVELOPMENT_TEAM = XP8M87ULF2;
				ENABLE_PREVIEWS = YES;
				GENERATE_INFOPLIST_FILE = YES;
				INFOPLIST_KEY_UIApplicationSceneManifest_Generation = YES;
				INFOPLIST_KEY_UIApplicationSupportsIndirectInputEvents = YES;
				INFOPLIST_KEY_UILaunchScreen_Generation = YES;
				INFOPLIST_KEY_UISupportedInterfaceOrientations_iPad = "UIInterfaceOrientationPortrait UIInterfaceOrientationPortraitUpsideDown UIInterfaceOrientationLandscapeLeft UIInterfaceOrientationLandscapeRight";
				INFOPLIST_KEY_UISupportedInterfaceOrientations_iPhone = "UIInterfaceOrientationPortrait UIInterfaceOrientationLandscapeLeft UIInterfaceOrientationLandscapeRight";
				LD_RUNPATH_SEARCH_PATHS = (
					"$(inherited)",
					"@executable_path/Frameworks",
				);
				MARKETING_VERSION = 1.0;
				PRODUCT_BUNDLE_IDENTIFIER = com.shohiiiiiii.PokeZWithSwiftUI;
				PRODUCT_NAME = "$(TARGET_NAME)";
				SWIFT_EMIT_LOC_STRINGS = YES;
				SWIFT_VERSION = 5.0;
				TARGETED_DEVICE_FAMILY = "1,2";
			};
			name = Debug;
		};
		5DFBDE5729D7E789004E0B78 /* Release */ = {
			isa = XCBuildConfiguration;
			buildSettings = {
				ASSETCATALOG_COMPILER_APPICON_NAME = AppIcon;
				ASSETCATALOG_COMPILER_GLOBAL_ACCENT_COLOR_NAME = AccentColor;
				CODE_SIGN_STYLE = Automatic;
				CURRENT_PROJECT_VERSION = 1;
				DEVELOPMENT_ASSET_PATHS = "\"PokeZWithSwiftUI/Preview Content\"";
				DEVELOPMENT_TEAM = XP8M87ULF2;
				ENABLE_PREVIEWS = YES;
				GENERATE_INFOPLIST_FILE = YES;
				INFOPLIST_KEY_UIApplicationSceneManifest_Generation = YES;
				INFOPLIST_KEY_UIApplicationSupportsIndirectInputEvents = YES;
				INFOPLIST_KEY_UILaunchScreen_Generation = YES;
				INFOPLIST_KEY_UISupportedInterfaceOrientations_iPad = "UIInterfaceOrientationPortrait UIInterfaceOrientationPortraitUpsideDown UIInterfaceOrientationLandscapeLeft UIInterfaceOrientationLandscapeRight";
				INFOPLIST_KEY_UISupportedInterfaceOrientations_iPhone = "UIInterfaceOrientationPortrait UIInterfaceOrientationLandscapeLeft UIInterfaceOrientationLandscapeRight";
				LD_RUNPATH_SEARCH_PATHS = (
					"$(inherited)",
					"@executable_path/Frameworks",
				);
				MARKETING_VERSION = 1.0;
				PRODUCT_BUNDLE_IDENTIFIER = com.shohiiiiiii.PokeZWithSwiftUI;
				PRODUCT_NAME = "$(TARGET_NAME)";
				SWIFT_EMIT_LOC_STRINGS = YES;
				SWIFT_VERSION = 5.0;
				TARGETED_DEVICE_FAMILY = "1,2";
			};
			name = Release;
		};
		5DFBDE5929D7E789004E0B78 /* Debug */ = {
			isa = XCBuildConfiguration;
			buildSettings = {
				ALWAYS_EMBED_SWIFT_STANDARD_LIBRARIES = YES;
				BUNDLE_LOADER = "$(TEST_HOST)";
				CODE_SIGN_STYLE = Automatic;
				CURRENT_PROJECT_VERSION = 1;
				DEVELOPMENT_TEAM = XP8M87ULF2;
				GENERATE_INFOPLIST_FILE = YES;
				IPHONEOS_DEPLOYMENT_TARGET = 16.0;
				MARKETING_VERSION = 1.0;
				PRODUCT_BUNDLE_IDENTIFIER = com.shohiiiiiii.PokeZWithSwiftUITests;
				PRODUCT_NAME = "$(TARGET_NAME)";
				SWIFT_EMIT_LOC_STRINGS = NO;
				SWIFT_VERSION = 5.0;
				TARGETED_DEVICE_FAMILY = "1,2";
				TEST_HOST = "$(BUILT_PRODUCTS_DIR)/PokeZWithSwiftUI.app/$(BUNDLE_EXECUTABLE_FOLDER_PATH)/PokeZWithSwiftUI";
			};
			name = Debug;
		};
		5DFBDE5A29D7E789004E0B78 /* Release */ = {
			isa = XCBuildConfiguration;
			buildSettings = {
				ALWAYS_EMBED_SWIFT_STANDARD_LIBRARIES = YES;
				BUNDLE_LOADER = "$(TEST_HOST)";
				CODE_SIGN_STYLE = Automatic;
				CURRENT_PROJECT_VERSION = 1;
				DEVELOPMENT_TEAM = XP8M87ULF2;
				GENERATE_INFOPLIST_FILE = YES;
				IPHONEOS_DEPLOYMENT_TARGET = 16.0;
				MARKETING_VERSION = 1.0;
				PRODUCT_BUNDLE_IDENTIFIER = com.shohiiiiiii.PokeZWithSwiftUITests;
				PRODUCT_NAME = "$(TARGET_NAME)";
				SWIFT_EMIT_LOC_STRINGS = NO;
				SWIFT_VERSION = 5.0;
				TARGETED_DEVICE_FAMILY = "1,2";
				TEST_HOST = "$(BUILT_PRODUCTS_DIR)/PokeZWithSwiftUI.app/$(BUNDLE_EXECUTABLE_FOLDER_PATH)/PokeZWithSwiftUI";
			};
			name = Release;
		};
		5DFBDE5C29D7E789004E0B78 /* Debug */ = {
			isa = XCBuildConfiguration;
			buildSettings = {
				ALWAYS_EMBED_SWIFT_STANDARD_LIBRARIES = YES;
				CODE_SIGN_STYLE = Automatic;
				CURRENT_PROJECT_VERSION = 1;
				DEVELOPMENT_TEAM = XP8M87ULF2;
				GENERATE_INFOPLIST_FILE = YES;
				MARKETING_VERSION = 1.0;
				PRODUCT_BUNDLE_IDENTIFIER = com.shohiiiiiii.PokeZWithSwiftUIUITests;
				PRODUCT_NAME = "$(TARGET_NAME)";
				SWIFT_EMIT_LOC_STRINGS = NO;
				SWIFT_VERSION = 5.0;
				TARGETED_DEVICE_FAMILY = "1,2";
				TEST_TARGET_NAME = PokeZWithSwiftUI;
			};
			name = Debug;
		};
		5DFBDE5D29D7E789004E0B78 /* Release */ = {
			isa = XCBuildConfiguration;
			buildSettings = {
				ALWAYS_EMBED_SWIFT_STANDARD_LIBRARIES = YES;
				CODE_SIGN_STYLE = Automatic;
				CURRENT_PROJECT_VERSION = 1;
				DEVELOPMENT_TEAM = XP8M87ULF2;
				GENERATE_INFOPLIST_FILE = YES;
				MARKETING_VERSION = 1.0;
				PRODUCT_BUNDLE_IDENTIFIER = com.shohiiiiiii.PokeZWithSwiftUIUITests;
				PRODUCT_NAME = "$(TARGET_NAME)";
				SWIFT_EMIT_LOC_STRINGS = NO;
				SWIFT_VERSION = 5.0;
				TARGETED_DEVICE_FAMILY = "1,2";
				TEST_TARGET_NAME = PokeZWithSwiftUI;
			};
			name = Release;
		};
/* End XCBuildConfiguration section */

/* Begin XCConfigurationList section */
		5DFBDE2C29D7E787004E0B78 /* Build configuration list for PBXProject "PokeZWithSwiftUI" */ = {
			isa = XCConfigurationList;
			buildConfigurations = (
				5DFBDE5329D7E789004E0B78 /* Debug */,
				5DFBDE5429D7E789004E0B78 /* Release */,
			);
			defaultConfigurationIsVisible = 0;
			defaultConfigurationName = Release;
		};
		5DFBDE5529D7E789004E0B78 /* Build configuration list for PBXNativeTarget "PokeZWithSwiftUI" */ = {
			isa = XCConfigurationList;
			buildConfigurations = (
				5DFBDE5629D7E789004E0B78 /* Debug */,
				5DFBDE5729D7E789004E0B78 /* Release */,
			);
			defaultConfigurationIsVisible = 0;
			defaultConfigurationName = Release;
		};
		5DFBDE5829D7E789004E0B78 /* Build configuration list for PBXNativeTarget "PokeZWithSwiftUITests" */ = {
			isa = XCConfigurationList;
			buildConfigurations = (
				5DFBDE5929D7E789004E0B78 /* Debug */,
				5DFBDE5A29D7E789004E0B78 /* Release */,
			);
			defaultConfigurationIsVisible = 0;
			defaultConfigurationName = Release;
		};
		5DFBDE5B29D7E789004E0B78 /* Build configuration list for PBXNativeTarget "PokeZWithSwiftUIUITests" */ = {
			isa = XCConfigurationList;
			buildConfigurations = (
				5DFBDE5C29D7E789004E0B78 /* Debug */,
				5DFBDE5D29D7E789004E0B78 /* Release */,
			);
			defaultConfigurationIsVisible = 0;
			defaultConfigurationName = Release;
		};
/* End XCConfigurationList section */
	};
	rootObject = 5DFBDE2929D7E787004E0B78 /* Project object */;
}
